// !$*UTF8*$!
{
	archiveVersion = 1;
	classes = {
	};
	objectVersion = 52;
	objects = {

/* Begin PBXBuildFile section */
		BAFD7F3A247BAA1300EC8CF3 /* NDOldies.framework in Frameworks */ = {isa = PBXBuildFile; fileRef = BAFD7F30247BAA1300EC8CF3 /* NDOldies.framework */; };
		BAFD7F3F247BAA1300EC8CF3 /* NDOldiesTests.m in Sources */ = {isa = PBXBuildFile; fileRef = BAFD7F3E247BAA1300EC8CF3 /* NDOldiesTests.m */; };
		BAFD7F41247BAA1300EC8CF3 /* NDOldies.h in Headers */ = {isa = PBXBuildFile; fileRef = BAFD7F33247BAA1300EC8CF3 /* NDOldies.h */; settings = {ATTRIBUTES = (Public, ); }; };
		BAFD7F53247BACCE00EC8CF3 /* UIImage+NDOldies.h in Headers */ = {isa = PBXBuildFile; fileRef = BAFD7F51247BACCE00EC8CF3 /* UIImage+NDOldies.h */; settings = {ATTRIBUTES = (Public, ); }; };
		BAFD7F54247BACCE00EC8CF3 /* UIImage+NDOldies.mm in Sources */ = {isa = PBXBuildFile; fileRef = BAFD7F52247BACCE00EC8CF3 /* UIImage+NDOldies.mm */; };
		BAFD7F57247BAEC500EC8CF3 /* UIKit.framework in Frameworks */ = {isa = PBXBuildFile; fileRef = BAFD7F56247BAEC500EC8CF3 /* UIKit.framework */; platformFilter = ios; };
		BAFD7F59247BAED300EC8CF3 /* CoreGraphics.framework in Frameworks */ = {isa = PBXBuildFile; fileRef = BAFD7F58247BAED300EC8CF3 /* CoreGraphics.framework */; };
/* End PBXBuildFile section */

/* Begin PBXContainerItemProxy section */
		BAFD7F3B247BAA1300EC8CF3 /* PBXContainerItemProxy */ = {
			isa = PBXContainerItemProxy;
			containerPortal = BAFD7F27247BAA1200EC8CF3 /* Project object */;
			proxyType = 1;
			remoteGlobalIDString = BAFD7F2F247BAA1300EC8CF3;
			remoteInfo = NDOldies;
		};
/* End PBXContainerItemProxy section */

/* Begin PBXFileReference section */
		BAFD7F30247BAA1300EC8CF3 /* NDOldies.framework */ = {isa = PBXFileReference; explicitFileType = wrapper.framework; includeInIndex = 0; path = NDOldies.framework; sourceTree = BUILT_PRODUCTS_DIR; };
		BAFD7F33247BAA1300EC8CF3 /* NDOldies.h */ = {isa = PBXFileReference; lastKnownFileType = sourcecode.c.h; path = NDOldies.h; sourceTree = "<group>"; };
		BAFD7F34247BAA1300EC8CF3 /* Info.plist */ = {isa = PBXFileReference; lastKnownFileType = text.plist.xml; path = Info.plist; sourceTree = "<group>"; };
		BAFD7F39247BAA1300EC8CF3 /* NDOldiesTests.xctest */ = {isa = PBXFileReference; explicitFileType = wrapper.cfbundle; includeInIndex = 0; path = NDOldiesTests.xctest; sourceTree = BUILT_PRODUCTS_DIR; };
		BAFD7F3E247BAA1300EC8CF3 /* NDOldiesTests.m */ = {isa = PBXFileReference; lastKnownFileType = sourcecode.c.objc; path = NDOldiesTests.m; sourceTree = "<group>"; };
		BAFD7F40247BAA1300EC8CF3 /* Info.plist */ = {isa = PBXFileReference; lastKnownFileType = text.plist.xml; path = Info.plist; sourceTree = "<group>"; };
		BAFD7F4C247BABFC00EC8CF3 /* README.md */ = {isa = PBXFileReference; lastKnownFileType = net.daringfireball.markdown; path = README.md; sourceTree = "<group>"; };
		BAFD7F4D247BABFC00EC8CF3 /* LICENSE */ = {isa = PBXFileReference; lastKnownFileType = text; path = LICENSE; sourceTree = "<group>"; };
		BAFD7F4E247BABFC00EC8CF3 /* .swift-format */ = {isa = PBXFileReference; lastKnownFileType = text; path = ".swift-format"; sourceTree = "<group>"; };
		BAFD7F4F247BABFC00EC8CF3 /* .swiftlint.yml */ = {isa = PBXFileReference; lastKnownFileType = text.yaml; path = .swiftlint.yml; sourceTree = "<group>"; };
		BAFD7F50247BABFC00EC8CF3 /* NDOldies.podspec */ = {isa = PBXFileReference; lastKnownFileType = text; path = NDOldies.podspec; sourceTree = "<group>"; };
		BAFD7F51247BACCE00EC8CF3 /* UIImage+NDOldies.h */ = {isa = PBXFileReference; lastKnownFileType = sourcecode.c.h; path = "UIImage+NDOldies.h"; sourceTree = "<group>"; };
		BAFD7F52247BACCE00EC8CF3 /* UIImage+NDOldies.mm */ = {isa = PBXFileReference; lastKnownFileType = sourcecode.cpp.objcpp; path = "UIImage+NDOldies.mm"; sourceTree = "<group>"; };
		BAFD7F56247BAEC500EC8CF3 /* UIKit.framework */ = {isa = PBXFileReference; lastKnownFileType = wrapper.framework; name = UIKit.framework; path = System/Library/Frameworks/UIKit.framework; sourceTree = SDKROOT; };
		BAFD7F58247BAED300EC8CF3 /* CoreGraphics.framework */ = {isa = PBXFileReference; lastKnownFileType = wrapper.framework; name = CoreGraphics.framework; path = Platforms/MacOSX.platform/Developer/SDKs/MacOSX10.15.sdk/System/Library/Frameworks/CoreGraphics.framework; sourceTree = DEVELOPER_DIR; };
/* End PBXFileReference section */

/* Begin PBXFrameworksBuildPhase section */
		BAFD7F2D247BAA1300EC8CF3 /* Frameworks */ = {
			isa = PBXFrameworksBuildPhase;
			buildActionMask = 2147483647;
			files = (
				BAFD7F59247BAED300EC8CF3 /* CoreGraphics.framework in Frameworks */,
				BAFD7F57247BAEC500EC8CF3 /* UIKit.framework in Frameworks */,
			);
			runOnlyForDeploymentPostprocessing = 0;
		};
		BAFD7F36247BAA1300EC8CF3 /* Frameworks */ = {
			isa = PBXFrameworksBuildPhase;
			buildActionMask = 2147483647;
			files = (
				BAFD7F3A247BAA1300EC8CF3 /* NDOldies.framework in Frameworks */,
			);
			runOnlyForDeploymentPostprocessing = 0;
		};
/* End PBXFrameworksBuildPhase section */

/* Begin PBXGroup section */
		BAFD7F26247BAA1200EC8CF3 = {
			isa = PBXGroup;
			children = (
				BAFD7F4B247BABE700EC8CF3 /* Config */,
				BAFD7F32247BAA1300EC8CF3 /* NDOldies */,
				BAFD7F3D247BAA1300EC8CF3 /* NDOldiesTests */,
				BAFD7F31247BAA1300EC8CF3 /* Products */,
				BAFD7F55247BAEC500EC8CF3 /* Frameworks */,
			);
			indentWidth = 2;
			sourceTree = "<group>";
			tabWidth = 2;
		};
		BAFD7F31247BAA1300EC8CF3 /* Products */ = {
			isa = PBXGroup;
			children = (
				BAFD7F30247BAA1300EC8CF3 /* NDOldies.framework */,
				BAFD7F39247BAA1300EC8CF3 /* NDOldiesTests.xctest */,
			);
			name = Products;
			sourceTree = "<group>";
		};
		BAFD7F32247BAA1300EC8CF3 /* NDOldies */ = {
			isa = PBXGroup;
			children = (
				BAFD7F33247BAA1300EC8CF3 /* NDOldies.h */,
				BAFD7F34247BAA1300EC8CF3 /* Info.plist */,
				BAFD7F51247BACCE00EC8CF3 /* UIImage+NDOldies.h */,
				BAFD7F52247BACCE00EC8CF3 /* UIImage+NDOldies.mm */,
			);
			path = NDOldies;
			sourceTree = "<group>";
		};
		BAFD7F3D247BAA1300EC8CF3 /* NDOldiesTests */ = {
			isa = PBXGroup;
			children = (
				BAFD7F3E247BAA1300EC8CF3 /* NDOldiesTests.m */,
				BAFD7F40247BAA1300EC8CF3 /* Info.plist */,
			);
			path = NDOldiesTests;
			sourceTree = "<group>";
		};
		BAFD7F4B247BABE700EC8CF3 /* Config */ = {
			isa = PBXGroup;
			children = (
				BAFD7F4E247BABFC00EC8CF3 /* .swift-format */,
				BAFD7F4F247BABFC00EC8CF3 /* .swiftlint.yml */,
				BAFD7F4D247BABFC00EC8CF3 /* LICENSE */,
				BAFD7F50247BABFC00EC8CF3 /* NDOldies.podspec */,
				BAFD7F4C247BABFC00EC8CF3 /* README.md */,
			);
			name = Config;
			sourceTree = "<group>";
		};
		BAFD7F55247BAEC500EC8CF3 /* Frameworks */ = {
			isa = PBXGroup;
			children = (
				BAFD7F58247BAED300EC8CF3 /* CoreGraphics.framework */,
				BAFD7F56247BAEC500EC8CF3 /* UIKit.framework */,
			);
			name = Frameworks;
			sourceTree = "<group>";
		};
/* End PBXGroup section */

/* Begin PBXHeadersBuildPhase section */
		BAFD7F2B247BAA1300EC8CF3 /* Headers */ = {
			isa = PBXHeadersBuildPhase;
			buildActionMask = 2147483647;
			files = (
				BAFD7F53247BACCE00EC8CF3 /* UIImage+NDOldies.h in Headers */,
				BAFD7F41247BAA1300EC8CF3 /* NDOldies.h in Headers */,
			);
			runOnlyForDeploymentPostprocessing = 0;
		};
/* End PBXHeadersBuildPhase section */

/* Begin PBXNativeTarget section */
		BAFD7F2F247BAA1300EC8CF3 /* NDOldies */ = {
			isa = PBXNativeTarget;
			buildConfigurationList = BAFD7F44247BAA1300EC8CF3 /* Build configuration list for PBXNativeTarget "NDOldies" */;
			buildPhases = (
				BAFD7F2B247BAA1300EC8CF3 /* Headers */,
				BAFD7F2C247BAA1300EC8CF3 /* Sources */,
				BAFD7F2D247BAA1300EC8CF3 /* Frameworks */,
				BAFD7F2E247BAA1300EC8CF3 /* Resources */,
			);
			buildRules = (
			);
			dependencies = (
			);
			name = NDOldies;
			productName = NDOldies;
			productReference = BAFD7F30247BAA1300EC8CF3 /* NDOldies.framework */;
			productType = "com.apple.product-type.framework";
		};
		BAFD7F38247BAA1300EC8CF3 /* NDOldiesTests */ = {
			isa = PBXNativeTarget;
			buildConfigurationList = BAFD7F47247BAA1300EC8CF3 /* Build configuration list for PBXNativeTarget "NDOldiesTests" */;
			buildPhases = (
				BAFD7F35247BAA1300EC8CF3 /* Sources */,
				BAFD7F36247BAA1300EC8CF3 /* Frameworks */,
				BAFD7F37247BAA1300EC8CF3 /* Resources */,
			);
			buildRules = (
			);
			dependencies = (
				BAFD7F3C247BAA1300EC8CF3 /* PBXTargetDependency */,
			);
			name = NDOldiesTests;
			productName = NDOldiesTests;
			productReference = BAFD7F39247BAA1300EC8CF3 /* NDOldiesTests.xctest */;
			productType = "com.apple.product-type.bundle.unit-test";
		};
/* End PBXNativeTarget section */

/* Begin PBXProject section */
		BAFD7F27247BAA1200EC8CF3 /* Project object */ = {
			isa = PBXProject;
			attributes = {
				LastUpgradeCheck = 1150;
				ORGANIZATIONNAME = "Nguyen Duc Hiep";
				TargetAttributes = {
					BAFD7F2F247BAA1300EC8CF3 = {
						CreatedOnToolsVersion = 11.5;
					};
					BAFD7F38247BAA1300EC8CF3 = {
						CreatedOnToolsVersion = 11.5;
					};
				};
			};
			buildConfigurationList = BAFD7F2A247BAA1200EC8CF3 /* Build configuration list for PBXProject "NDOldies" */;
			compatibilityVersion = "Xcode 9.3";
			developmentRegion = en;
			hasScannedForEncodings = 0;
			knownRegions = (
				en,
				Base,
			);
			mainGroup = BAFD7F26247BAA1200EC8CF3;
			productRefGroup = BAFD7F31247BAA1300EC8CF3 /* Products */;
			projectDirPath = "";
			projectRoot = "";
			targets = (
				BAFD7F2F247BAA1300EC8CF3 /* NDOldies */,
				BAFD7F38247BAA1300EC8CF3 /* NDOldiesTests */,
			);
		};
/* End PBXProject section */

/* Begin PBXResourcesBuildPhase section */
		BAFD7F2E247BAA1300EC8CF3 /* Resources */ = {
			isa = PBXResourcesBuildPhase;
			buildActionMask = 2147483647;
			files = (
			);
			runOnlyForDeploymentPostprocessing = 0;
		};
		BAFD7F37247BAA1300EC8CF3 /* Resources */ = {
			isa = PBXResourcesBuildPhase;
			buildActionMask = 2147483647;
			files = (
			);
			runOnlyForDeploymentPostprocessing = 0;
		};
/* End PBXResourcesBuildPhase section */

/* Begin PBXSourcesBuildPhase section */
		BAFD7F2C247BAA1300EC8CF3 /* Sources */ = {
			isa = PBXSourcesBuildPhase;
			buildActionMask = 2147483647;
			files = (
				BAFD7F54247BACCE00EC8CF3 /* UIImage+NDOldies.mm in Sources */,
			);
			runOnlyForDeploymentPostprocessing = 0;
		};
		BAFD7F35247BAA1300EC8CF3 /* Sources */ = {
			isa = PBXSourcesBuildPhase;
			buildActionMask = 2147483647;
			files = (
				BAFD7F3F247BAA1300EC8CF3 /* NDOldiesTests.m in Sources */,
			);
			runOnlyForDeploymentPostprocessing = 0;
		};
/* End PBXSourcesBuildPhase section */

/* Begin PBXTargetDependency section */
		BAFD7F3C247BAA1300EC8CF3 /* PBXTargetDependency */ = {
			isa = PBXTargetDependency;
			target = BAFD7F2F247BAA1300EC8CF3 /* NDOldies */;
			targetProxy = BAFD7F3B247BAA1300EC8CF3 /* PBXContainerItemProxy */;
		};
/* End PBXTargetDependency section */

/* Begin XCBuildConfiguration section */
		BAFD7F42247BAA1300EC8CF3 /* Debug */ = {
			isa = XCBuildConfiguration;
			buildSettings = {
				ALWAYS_SEARCH_USER_PATHS = NO;
				CLANG_ANALYZER_NONNULL = YES;
				CLANG_ANALYZER_NUMBER_OBJECT_CONVERSION = YES_AGGRESSIVE;
				CLANG_CXX_LANGUAGE_STANDARD = "gnu++14";
				CLANG_CXX_LIBRARY = "libc++";
				CLANG_ENABLE_MODULES = YES;
				CLANG_ENABLE_OBJC_ARC = YES;
				CLANG_ENABLE_OBJC_WEAK = YES;
				CLANG_WARN_BLOCK_CAPTURE_AUTORELEASING = YES;
				CLANG_WARN_BOOL_CONVERSION = YES;
				CLANG_WARN_COMMA = YES;
				CLANG_WARN_CONSTANT_CONVERSION = YES;
				CLANG_WARN_DEPRECATED_OBJC_IMPLEMENTATIONS = YES;
				CLANG_WARN_DIRECT_OBJC_ISA_USAGE = YES_ERROR;
				CLANG_WARN_DOCUMENTATION_COMMENTS = YES;
				CLANG_WARN_EMPTY_BODY = YES;
				CLANG_WARN_ENUM_CONVERSION = YES;
				CLANG_WARN_INFINITE_RECURSION = YES;
				CLANG_WARN_INT_CONVERSION = YES;
				CLANG_WARN_NON_LITERAL_NULL_CONVERSION = YES;
				CLANG_WARN_OBJC_IMPLICIT_RETAIN_SELF = YES;
				CLANG_WARN_OBJC_LITERAL_CONVERSION = YES;
				CLANG_WARN_OBJC_ROOT_CLASS = YES_ERROR;
				CLANG_WARN_RANGE_LOOP_ANALYSIS = YES;
				CLANG_WARN_STRICT_PROTOTYPES = YES;
				CLANG_WARN_SUSPICIOUS_MOVE = YES;
				CLANG_WARN_UNGUARDED_AVAILABILITY = YES_AGGRESSIVE;
				CLANG_WARN_UNREACHABLE_CODE = YES;
				CLANG_WARN__DUPLICATE_METHOD_MATCH = YES;
				COPY_PHASE_STRIP = NO;
				CURRENT_PROJECT_VERSION = 1;
				DEBUG_INFORMATION_FORMAT = dwarf;
				ENABLE_STRICT_OBJC_MSGSEND = YES;
				ENABLE_TESTABILITY = YES;
				GCC_C_LANGUAGE_STANDARD = gnu11;
				GCC_DYNAMIC_NO_PIC = NO;
				GCC_NO_COMMON_BLOCKS = YES;
				GCC_OPTIMIZATION_LEVEL = 0;
				GCC_PREPROCESSOR_DEFINITIONS = (
					"DEBUG=1",
					"$(inherited)",
				);
				GCC_WARN_64_TO_32_BIT_CONVERSION = YES;
				GCC_WARN_ABOUT_RETURN_TYPE = YES_ERROR;
				GCC_WARN_UNDECLARED_SELECTOR = YES;
				GCC_WARN_UNINITIALIZED_AUTOS = YES_AGGRESSIVE;
				GCC_WARN_UNUSED_FUNCTION = YES;
				GCC_WARN_UNUSED_VARIABLE = YES;
				IPHONEOS_DEPLOYMENT_TARGET = 9.0;
				MTL_ENABLE_DEBUG_INFO = INCLUDE_SOURCE;
				MTL_FAST_MATH = YES;
				ONLY_ACTIVE_ARCH = YES;
				SDKROOT = iphoneos;
				VERSIONING_SYSTEM = "apple-generic";
				VERSION_INFO_PREFIX = "";
			};
			name = Debug;
		};
		BAFD7F43247BAA1300EC8CF3 /* Release */ = {
			isa = XCBuildConfiguration;
			buildSettings = {
				ALWAYS_SEARCH_USER_PATHS = NO;
				CLANG_ANALYZER_NONNULL = YES;
				CLANG_ANALYZER_NUMBER_OBJECT_CONVERSION = YES_AGGRESSIVE;
				CLANG_CXX_LANGUAGE_STANDARD = "gnu++14";
				CLANG_CXX_LIBRARY = "libc++";
				CLANG_ENABLE_MODULES = YES;
				CLANG_ENABLE_OBJC_ARC = YES;
				CLANG_ENABLE_OBJC_WEAK = YES;
				CLANG_WARN_BLOCK_CAPTURE_AUTORELEASING = YES;
				CLANG_WARN_BOOL_CONVERSION = YES;
				CLANG_WARN_COMMA = YES;
				CLANG_WARN_CONSTANT_CONVERSION = YES;
				CLANG_WARN_DEPRECATED_OBJC_IMPLEMENTATIONS = YES;
				CLANG_WARN_DIRECT_OBJC_ISA_USAGE = YES_ERROR;
				CLANG_WARN_DOCUMENTATION_COMMENTS = YES;
				CLANG_WARN_EMPTY_BODY = YES;
				CLANG_WARN_ENUM_CONVERSION = YES;
				CLANG_WARN_INFINITE_RECURSION = YES;
				CLANG_WARN_INT_CONVERSION = YES;
				CLANG_WARN_NON_LITERAL_NULL_CONVERSION = YES;
				CLANG_WARN_OBJC_IMPLICIT_RETAIN_SELF = YES;
				CLANG_WARN_OBJC_LITERAL_CONVERSION = YES;
				CLANG_WARN_OBJC_ROOT_CLASS = YES_ERROR;
				CLANG_WARN_RANGE_LOOP_ANALYSIS = YES;
				CLANG_WARN_STRICT_PROTOTYPES = YES;
				CLANG_WARN_SUSPICIOUS_MOVE = YES;
				CLANG_WARN_UNGUARDED_AVAILABILITY = YES_AGGRESSIVE;
				CLANG_WARN_UNREACHABLE_CODE = YES;
				CLANG_WARN__DUPLICATE_METHOD_MATCH = YES;
				COPY_PHASE_STRIP = NO;
				CURRENT_PROJECT_VERSION = 1;
				DEBUG_INFORMATION_FORMAT = "dwarf-with-dsym";
				ENABLE_NS_ASSERTIONS = NO;
				ENABLE_STRICT_OBJC_MSGSEND = YES;
				GCC_C_LANGUAGE_STANDARD = gnu11;
				GCC_NO_COMMON_BLOCKS = YES;
				GCC_WARN_64_TO_32_BIT_CONVERSION = YES;
				GCC_WARN_ABOUT_RETURN_TYPE = YES_ERROR;
				GCC_WARN_UNDECLARED_SELECTOR = YES;
				GCC_WARN_UNINITIALIZED_AUTOS = YES_AGGRESSIVE;
				GCC_WARN_UNUSED_FUNCTION = YES;
				GCC_WARN_UNUSED_VARIABLE = YES;
				IPHONEOS_DEPLOYMENT_TARGET = 9.0;
				MTL_ENABLE_DEBUG_INFO = NO;
				MTL_FAST_MATH = YES;
				SDKROOT = iphoneos;
				VALIDATE_PRODUCT = YES;
				VERSIONING_SYSTEM = "apple-generic";
				VERSION_INFO_PREFIX = "";
			};
			name = Release;
		};
		BAFD7F45247BAA1300EC8CF3 /* Debug */ = {
			isa = XCBuildConfiguration;
			buildSettings = {
				CODE_SIGN_STYLE = Automatic;
				DEFINES_MODULE = YES;
				DEVELOPMENT_TEAM = 6UKD7V9S9N;
				DYLIB_COMPATIBILITY_VERSION = 1;
				DYLIB_CURRENT_VERSION = 1;
				DYLIB_INSTALL_NAME_BASE = "@rpath";
				INFOPLIST_FILE = NDOldies/Info.plist;
				INSTALL_PATH = "$(LOCAL_LIBRARY_DIR)/Frameworks";
				LD_RUNPATH_SEARCH_PATHS = (
					"$(inherited)",
					"@executable_path/Frameworks",
					"@loader_path/Frameworks",
				);
				PRODUCT_BUNDLE_IDENTIFIER = com.neodata.NDOldies;
				PRODUCT_NAME = "$(TARGET_NAME:c99extidentifier)";
				SKIP_INSTALL = YES;
				SUPPORTS_MACCATALYST = NO;
				TARGETED_DEVICE_FAMILY = "1,2";
			};
			name = Debug;
		};
		BAFD7F46247BAA1300EC8CF3 /* Release */ = {
			isa = XCBuildConfiguration;
			buildSettings = {
				CODE_SIGN_STYLE = Automatic;
				DEFINES_MODULE = YES;
				DEVELOPMENT_TEAM = 6UKD7V9S9N;
				DYLIB_COMPATIBILITY_VERSION = 1;
				DYLIB_CURRENT_VERSION = 1;
				DYLIB_INSTALL_NAME_BASE = "@rpath";
				INFOPLIST_FILE = NDOldies/Info.plist;
				INSTALL_PATH = "$(LOCAL_LIBRARY_DIR)/Frameworks";
				LD_RUNPATH_SEARCH_PATHS = (
					"$(inherited)",
					"@executable_path/Frameworks",
					"@loader_path/Frameworks",
				);
				PRODUCT_BUNDLE_IDENTIFIER = com.neodata.NDOldies;
				PRODUCT_NAME = "$(TARGET_NAME:c99extidentifier)";
				SKIP_INSTALL = YES;
				SUPPORTS_MACCATALYST = NO;
				TARGETED_DEVICE_FAMILY = "1,2";
			};
			name = Release;
		};
		BAFD7F48247BAA1300EC8CF3 /* Debug */ = {
			isa = XCBuildConfiguration;
			buildSettings = {
				CODE_SIGN_STYLE = Automatic;
				DEVELOPMENT_TEAM = 6UKD7V9S9N;
				INFOPLIST_FILE = NDOldiesTests/Info.plist;
				IPHONEOS_DEPLOYMENT_TARGET = 13.0;
				LD_RUNPATH_SEARCH_PATHS = (
					"$(inherited)",
					"@executable_path/Frameworks",
					"@loader_path/Frameworks",
				);
				PRODUCT_BUNDLE_IDENTIFIER = com.neodata.NDOldiesTests;
				PRODUCT_NAME = "$(TARGET_NAME)";
				TARGETED_DEVICE_FAMILY = "1,2";
			};
			name = Debug;
		};
		BAFD7F49247BAA1300EC8CF3 /* Release */ = {
			isa = XCBuildConfiguration;
			buildSettings = {
				CODE_SIGN_STYLE = Automatic;
				DEVELOPMENT_TEAM = 6UKD7V9S9N;
				INFOPLIST_FILE = NDOldiesTests/Info.plist;
				IPHONEOS_DEPLOYMENT_TARGET = 13.0;
				LD_RUNPATH_SEARCH_PATHS = (
					"$(inherited)",
					"@executable_path/Frameworks",
					"@loader_path/Frameworks",
				);
				PRODUCT_BUNDLE_IDENTIFIER = com.neodata.NDOldiesTests;
				PRODUCT_NAME = "$(TARGET_NAME)";
				TARGETED_DEVICE_FAMILY = "1,2";
			};
			name = Release;
		};
/* End XCBuildConfiguration section */

/* Begin XCConfigurationList section */
		BAFD7F2A247BAA1200EC8CF3 /* Build configuration list for PBXProject "NDOldies" */ = {
			isa = XCConfigurationList;
			buildConfigurations = (
				BAFD7F42247BAA1300EC8CF3 /* Debug */,
				BAFD7F43247BAA1300EC8CF3 /* Release */,
			);
			defaultConfigurationIsVisible = 0;
			defaultConfigurationName = Release;
		};
		BAFD7F44247BAA1300EC8CF3 /* Build configuration list for PBXNativeTarget "NDOldies" */ = {
			isa = XCConfigurationList;
			buildConfigurations = (
				BAFD7F45247BAA1300EC8CF3 /* Debug */,
				BAFD7F46247BAA1300EC8CF3 /* Release */,
			);
			defaultConfigurationIsVisible = 0;
			defaultConfigurationName = Release;
		};
		BAFD7F47247BAA1300EC8CF3 /* Build configuration list for PBXNativeTarget "NDOldiesTests" */ = {
			isa = XCConfigurationList;
			buildConfigurations = (
				BAFD7F48247BAA1300EC8CF3 /* Debug */,
				BAFD7F49247BAA1300EC8CF3 /* Release */,
			);
			defaultConfigurationIsVisible = 0;
			defaultConfigurationName = Release;
		};
/* End XCConfigurationList section */
	};
	rootObject = BAFD7F27247BAA1200EC8CF3 /* Project object */;
}
